
Microsoft Visual Studio Solution File, Format Version 11.00
# Visual Studio 2013
Project("{8BC9CEB8-8B4A-11D0-8D11-00A0C91BC942}") = "voice", "voice\voice.vcxproj", "{8814C914-0BE8-4012-8475-8F2D13A45462}"
EndProject
Global
	GlobalSection(SolutionConfigurationPlatforms) = preSolution
		Debug|Win32 = Debug|Win32
		Release|Win32 = Release|Win32
	EndGlobalSection
	GlobalSection(ProjectConfigurationPlatforms) = postSolution
		{8814C914-0BE8-4012-8475-8F2D13A45462}.Debug|Win32.ActiveCfg = Debug|Win32
		{8814C914-0BE8-4012-8475-8F2D13A45462}.Debug|Win32.Build.0 = Debug|Win32
		{8814C914-0BE8-4012-8475-8F2D13A45462}.Release|Win32.ActiveCfg = Release|Win32
		{8814C914-0BE8-4012-8475-8F2D13A45462}.Release|Win32.Build.0 = Release|Win32
	EndGlobalSection
	GlobalSection(SolutionProperties) = preSolution
		HideSolutionNode = FALSE
	EndGlobalSection
EndGlobal
